
Microsoft Visual Studio Solution File, Format Version 12.00
# Visual Studio Version 17
VisualStudioVersion = 17.5.002.0
MinimumVisualStudioVersion = 10.0.40219.1
Project("{9A19103F-16F7-4668-BE54-9A1E7A4F7556}") = "TDE_14", "TDE_14.csproj", "{B6187F1C-481C-4450-ABFF-C9E00FF5CA7D}"
EndProject
Global
	GlobalSection(SolutionConfigurationPlatforms) = preSolution
		Debug|Any CPU = Debug|Any CPU
		Release|Any CPU = Release|Any CPU
	EndGlobalSection
	GlobalSection(ProjectConfigurationPlatforms) = postSolution
		{B6187F1C-481C-4450-ABFF-C9E00FF5CA7D}.Debug|Any CPU.ActiveCfg = Debug|Any CPU
		{B6187F1C-481C-4450-ABFF-C9E00FF5CA7D}.Debug|Any CPU.Build.0 = Debug|Any CPU
		{B6187F1C-481C-4450-ABFF-C9E00FF5CA7D}.Release|Any CPU.ActiveCfg = Release|Any CPU
		{B6187F1C-481C-4450-ABFF-C9E00FF5CA7D}.Release|Any CPU.Build.0 = Release|Any CPU
	EndGlobalSection
	GlobalSection(SolutionProperties) = preSolution
		HideSolutionNode = FALSE
	EndGlobalSection
	GlobalSection(ExtensibilityGlobals) = postSolution
		SolutionGuid = {8CFD0BFF-5C27-40BA-9F29-7DEA09458AF3}
	EndGlobalSection
EndGlobal
